
Microsoft Visual Studio Solution File, Format Version 12.00
# Visual Studio 2017
Project("{FAE04EC0-301F-11D3-BF4B-00C04F79EFBC}") = "CandyCrush", "CandyCrush.csproj", "{BCCEF4E8-E29F-1217-3A07-A99DA9BA5BAF}"
EndProject
Global
	GlobalSection(SolutionConfigurationPlatforms) = preSolution
		Debug|Any CPU = Debug|Any CPU
		Release|Any CPU = Release|Any CPU
	EndGlobalSection
	GlobalSection(ProjectConfigurationPlatforms) = postSolution
		{BCCEF4E8-E29F-1217-3A07-A99DA9BA5BAF}.Debug|Any CPU.ActiveCfg = Debug|Any CPU
		{BCCEF4E8-E29F-1217-3A07-A99DA9BA5BAF}.Debug|Any CPU.Build.0 = Debug|Any CPU
		{BCCEF4E8-E29F-1217-3A07-A99DA9BA5BAF}.Release|Any CPU.ActiveCfg = Release|Any CPU
		{BCCEF4E8-E29F-1217-3A07-A99DA9BA5BAF}.Release|Any CPU.Build.0 = Release|Any CPU
	EndGlobalSection
	GlobalSection(SolutionProperties) = preSolution
		HideSolutionNode = FALSE
	EndGlobalSection
EndGlobal
